PODS:
  - ContentsquareInterimBridge (0.10.0):
    - CS_iOS_SDK (~> 4.42.1)
    - HeapSwiftCore (~> 0.8)
  - ContentsquareSDK (1.0.0):
    - ContentsquareInterimBridge (= 0.10.0)
    - CS_iOS_SDK (= 4.42.1)
    - HeapIOSAutocapture (= 0.8.0)
    - HeapNotificationAutocapture (= 0.8.0)
    - HeapSwiftCore (= 0.8.6)
  - CS_iOS_SDK (4.42.1):
    - CSCrashReporter (= 1.0.1)
    - CSSwiftProtobuf (= 1.28.2)
  - CSCrashReporter (1.0.1)
  - CSSwiftProtobuf (1.28.2)
  - HeapIOSAutocapture (0.8.0):
    - HeapSwiftCore (~> 0.8)
  - HeapNotificationAutocapture (0.8.0):
    - HeapSwiftCore (~> 0.8)
  - HeapSwiftCore (0.8.6):
    - CSSwiftProtobuf (= 1.28.2)

DEPENDENCIES:
  - ContentsquareSDK (= 1.0.0)

SPEC REPOS:
  trunk:
    - ContentsquareInterimBridge
    - ContentsquareSDK
    - CS_iOS_SDK
    - CSCrashReporter
    - CSSwiftProtobuf
    - HeapIOSAutocapture
    - HeapNotificationAutocapture
    - HeapSwiftCore

SPEC CHECKSUMS:
  ContentsquareInterimBridge: dd197c49cc36b7d826b37e39b113a01b6fdfae1b
  ContentsquareSDK: da5a9cc5be9f6602e963e1082b062f011906697f
  CS_iOS_SDK: 8a6b41315898adf2d56777dc66a0805bbbfe6c4d
  CSCrashReporter: bcd93ebf9abaf6e3d8ee4494ab0d630b6750d338
  CSSwiftProtobuf: beced9eecd504dbc1ef9b09e537c06300aed6631
  HeapIOSAutocapture: aeeb09f1f905c6528041033086902c298763a241
  HeapNotificationAutocapture: bf4042231d73630ad2e180273cdfb9e4e457a39a
  HeapSwiftCore: 24aac202971d24b4429bf1f3cbce0eaa182a7f5f

PODFILE CHECKSUM: 99a2261cd24f98c19d8240a83d0c9ee63b00f4bd

COCOAPODS: 1.16.2
