PODS:
  - ContentsquareSDK (0.2.2):
    - CS_iOS_SDK_STATIC (= 4.37.2)
    - HeapContentsquareIntegrationSDK_static (= 0.7.1)
    - HeapIOSAutocapture (= 0.7.0)
    - HeapNotificationAutocapture (= 0.7.0)
    - HeapSwiftCore (= 0.7.2)
  - CS_iOS_SDK_STATIC (4.37.2):
    - CSCrashReporter (= 1.0.0)
    - SwiftProtobuf (<= 1.26.0)
  - CSCrashReporter (1.0.0)
  - HeapContentsquareIntegrationSDK_static (0.7.1):
    - CS_iOS_SDK_STATIC (~> 4.33)
    - HeapSwiftCore (~> 0.7)
  - HeapIOSAutocapture (0.7.0):
    - HeapSwiftCore (~> 0.7)
  - HeapNotificationAutocapture (0.7.0):
    - HeapSwiftCore (~> 0.7)
  - HeapSwiftCore (0.7.2):
    - HeapSwiftCoreInterfaces (= 0.6.1)
    - SwiftProtobuf (~> 1.6)
  - HeapSwiftCoreInterfaces (0.6.1)
  - SwiftProtobuf (1.26.0)

DEPENDENCIES:
  - ContentsquareSDK (= 0.2.2)

SPEC REPOS:
  trunk:
    - ContentsquareSDK
    - CS_iOS_SDK_STATIC
    - CSCrashReporter
    - HeapContentsquareIntegrationSDK_static
    - HeapIOSAutocapture
    - HeapNotificationAutocapture
    - HeapSwiftCore
    - HeapSwiftCoreInterfaces
    - SwiftProtobuf

SPEC CHECKSUMS:
  ContentsquareSDK: a9f280fc28fef960cfb15e02ab61144e4c2caa23
  CS_iOS_SDK_STATIC: 7950527d4e3ff747d49bc763e8f8df2534d8583e
  CSCrashReporter: 1494c8b8c805d0b3cdb62f2b044f2606a7d4a391
  HeapContentsquareIntegrationSDK_static: 4e49ebe537c3da9ac251d61ca53ca4b970794a38
  HeapIOSAutocapture: 659f4e6b5a9b1abe610fd68d329af6006b38049b
  HeapNotificationAutocapture: 2d70dcad0e512907125cb5db5b2485a87b966170
  HeapSwiftCore: ff3150ad2c1e214b17e6ab5c6652f768819f7f08
  HeapSwiftCoreInterfaces: 50a3af06d9794b32fd5f2e00deca27dce61213ad
  SwiftProtobuf: 5e8349171e7c2f88f5b9e683cb3cb79d1dc780b3

PODFILE CHECKSUM: 01ee42bfbdfefe7ae0dd64323db4339e226c8ef6

COCOAPODS: 1.15.2
