{
  "pins" : [
    {
      "identity" : "apple-sdk",
      "kind" : "remoteSourceControl",
      "location" : "https://github.com/ContentSquare/apple-sdk",
      "state" : {
        "revision" : "e4324b489283d7b5153d66280118378e02d5a2db",
        "version" : "0.5.1"
      }
    },
    {
      "identity" : "cs_ios_crashreporter",
      "kind" : "remoteSourceControl",
      "location" : "https://github.com/ContentSquare/CS_iOS_CrashReporter.git",
      "state" : {
        "revision" : "9f00d53c3d2c7a0b2d92a694fc9d4c993bb2b157",
        "version" : "1.0.1"
      }
    },
    {
      "identity" : "cs_ios_sdk",
      "kind" : "remoteSourceControl",
      "location" : "https://github.com/ContentSquare/CS_iOS_SDK.git",
      "state" : {
        "revision" : "5399348079ab97469416946597b1679878c0cf39",
        "version" : "4.40.1"
      }
    },
    {
      "identity" : "csswiftprotobuf",
      "kind" : "remoteSourceControl",
      "location" : "https://github.com/ContentSquare/CSSwiftProtobuf.git",
      "state" : {
        "revision" : "69144f5873981ce36d53ec188da920f0e05d4cf2",
        "version" : "1.28.2"
      }
    },
    {
      "identity" : "heap-ios-autocapture-sdk",
      "kind" : "remoteSourceControl",
      "location" : "https://github.com/heap/heap-ios-autocapture-sdk.git",
      "state" : {
        "revision" : "33b6f401681f53dbd18c9219e727557d8fb0b46a",
        "version" : "0.8.0"
      }
    },
    {
      "identity" : "heap-ios-cs-integration-sdk",
      "kind" : "remoteSourceControl",
      "location" : "https://github.com/heap/heap-ios-cs-integration-sdk.git",
      "state" : {
        "revision" : "7cf5ce318b928757b819999be9f4ceee5237886b",
        "version" : "0.8.0"
      }
    },
    {
      "identity" : "heap-notification-autocapture-sdk",
      "kind" : "remoteSourceControl",
      "location" : "https://github.com/heap/heap-notification-autocapture-sdk.git",
      "state" : {
        "revision" : "582fc7c48fd666d3ad29d35274c1402299d9e58f",
        "version" : "0.8.0"
      }
    },
    {
      "identity" : "heap-swift-core-sdk",
      "kind" : "remoteSourceControl",
      "location" : "https://github.com/heap/heap-swift-core-sdk.git",
      "state" : {
        "revision" : "7d315b7c0218ab2f3aa57891748ebbdd7240d68b",
        "version" : "0.8.0"
      }
    }
  ],
  "version" : 2
}
