{
  "originHash" : "644d37ec1ed078a99f67b8e157abd5fcc8fdd1d30844944c7a7f21a1872feb47",
  "pins" : [
    {
      "identity" : "apple-interim-bridge-sdk",
      "kind" : "remoteSourceControl",
      "location" : "https://github.com/ContentSquare/apple-interim-bridge-sdk.git",
      "state" : {
        "revision" : "e45cb877f65229c855dde689b1a88a2aaeed29a2",
        "version" : "0.10.0"
      }
    },
    {
      "identity" : "apple-sdk",
      "kind" : "remoteSourceControl",
      "location" : "https://github.com/ContentSquare/apple-sdk.git",
      "state" : {
        "revision" : "e2526a363acbcaad8ad1e1252bd67699f584eecd",
        "version" : "1.0.0"
      }
    },
    {
      "identity" : "cs_ios_crashreporter",
      "kind" : "remoteSourceControl",
      "location" : "https://github.com/ContentSquare/CS_iOS_CrashReporter.git",
      "state" : {
        "revision" : "9f00d53c3d2c7a0b2d92a694fc9d4c993bb2b157",
        "version" : "1.0.1"
      }
    },
    {
      "identity" : "cs_ios_sdk_dynamic",
      "kind" : "remoteSourceControl",
      "location" : "https://github.com/ContentSquare/CS_iOS_SDK_DYNAMIC.git",
      "state" : {
        "revision" : "d5d337f3786066f087730830c803127ececb009c",
        "version" : "4.42.1"
      }
    },
    {
      "identity" : "csswiftprotobuf",
      "kind" : "remoteSourceControl",
      "location" : "https://github.com/ContentSquare/CSSwiftProtobuf.git",
      "state" : {
        "revision" : "69144f5873981ce36d53ec188da920f0e05d4cf2",
        "version" : "1.28.2"
      }
    },
    {
      "identity" : "heap-ios-autocapture-sdk",
      "kind" : "remoteSourceControl",
      "location" : "https://github.com/heap/heap-ios-autocapture-sdk.git",
      "state" : {
        "revision" : "33b6f401681f53dbd18c9219e727557d8fb0b46a",
        "version" : "0.8.0"
      }
    },
    {
      "identity" : "heap-notification-autocapture-sdk",
      "kind" : "remoteSourceControl",
      "location" : "https://github.com/heap/heap-notification-autocapture-sdk.git",
      "state" : {
        "revision" : "582fc7c48fd666d3ad29d35274c1402299d9e58f",
        "version" : "0.8.0"
      }
    },
    {
      "identity" : "heap-swift-core-sdk",
      "kind" : "remoteSourceControl",
      "location" : "https://github.com/heap/heap-swift-core-sdk.git",
      "state" : {
        "revision" : "411add8f9b2755090ee7984a470c517c3cd705e2",
        "version" : "0.8.6"
      }
    }
  ],
  "version" : 3
}
